
Microsoft Visual Studio Solution File, Format Version 12.00
# Visual Studio Version 17
VisualStudioVersion = 17.3.32901.215
MinimumVisualStudioVersion = 10.0.40219.1
Project("{8BC9CEB8-8B4A-11D0-8D11-00A0C91BC942}") = "OS13_HTCOM", "OS13_HTCOM\OS13_HTCOM.vcxproj", "{F12C102B-2076-4535-84F3-6829014C29B2}"
EndProject
Project("{8BC9CEB8-8B4A-11D0-8D11-00A0C91BC942}") = "OS13_HTCOM_LIB", "OS13_HTCOM_LIB\OS13_HTCOM_LIB.vcxproj", "{7C2ED66D-6816-4F99-BF1B-97271B8DFF13}"
EndProject
Project("{8BC9CEB8-8B4A-11D0-8D11-00A0C91BC942}") = "OS13_CREATE", "OS13_CREATE\OS13_CREATE.vcxproj", "{3F681B23-4BFB-42D7-A576-4DA8BA29C131}"
EndProject
Project("{8BC9CEB8-8B4A-11D0-8D11-00A0C91BC942}") = "OS13_START", "OS13_START\OS13_START.vcxproj", "{DC940FAF-E65F-4D68-8CA9-E0C1A80B3A43}"
EndProject
Project("{8BC9CEB8-8B4A-11D0-8D11-00A0C91BC942}") = "OS13_STOP", "OS13_STOP\OS13_STOP.vcxproj", "{703A695B-E365-4922-8230-A7EE9A473A5A}"
EndProject
Project("{8BC9CEB8-8B4A-11D0-8D11-00A0C91BC942}") = "OS_0402", "OS_0402\OS_0402.vcxproj", "{113672CC-F440-4919-BE9D-E9EDD0DD1473}"
EndProject
Project("{8BC9CEB8-8B4A-11D0-8D11-00A0C91BC942}") = "OS_0403", "OS_0403\OS_0403.vcxproj", "{318B15DD-E191-4CB2-9C03-BF3089BA6F00}"
EndProject
Project("{8BC9CEB8-8B4A-11D0-8D11-00A0C91BC942}") = "OS_0404", "OS_0404\OS_0404.vcxproj", "{735BFA30-EEB8-40DD-B59A-30D2990508D3}"
EndProject
Global
	GlobalSection(SolutionConfigurationPlatforms) = preSolution
		Debug|x64 = Debug|x64
		Debug|x86 = Debug|x86
		Release|x64 = Release|x64
		Release|x86 = Release|x86
	EndGlobalSection
	GlobalSection(ProjectConfigurationPlatforms) = postSolution
		{F12C102B-2076-4535-84F3-6829014C29B2}.Debug|x64.ActiveCfg = Debug|x64
		{F12C102B-2076-4535-84F3-6829014C29B2}.Debug|x64.Build.0 = Debug|x64
		{F12C102B-2076-4535-84F3-6829014C29B2}.Debug|x86.ActiveCfg = Debug|Win32
		{F12C102B-2076-4535-84F3-6829014C29B2}.Debug|x86.Build.0 = Debug|Win32
		{F12C102B-2076-4535-84F3-6829014C29B2}.Release|x64.ActiveCfg = Release|x64
		{F12C102B-2076-4535-84F3-6829014C29B2}.Release|x64.Build.0 = Release|x64
		{F12C102B-2076-4535-84F3-6829014C29B2}.Release|x86.ActiveCfg = Release|Win32
		{F12C102B-2076-4535-84F3-6829014C29B2}.Release|x86.Build.0 = Release|Win32
		{7C2ED66D-6816-4F99-BF1B-97271B8DFF13}.Debug|x64.ActiveCfg = Debug|x64
		{7C2ED66D-6816-4F99-BF1B-97271B8DFF13}.Debug|x64.Build.0 = Debug|x64
		{7C2ED66D-6816-4F99-BF1B-97271B8DFF13}.Debug|x86.ActiveCfg = Debug|Win32
		{7C2ED66D-6816-4F99-BF1B-97271B8DFF13}.Debug|x86.Build.0 = Debug|Win32
		{7C2ED66D-6816-4F99-BF1B-97271B8DFF13}.Release|x64.ActiveCfg = Release|x64
		{7C2ED66D-6816-4F99-BF1B-97271B8DFF13}.Release|x64.Build.0 = Release|x64
		{7C2ED66D-6816-4F99-BF1B-97271B8DFF13}.Release|x86.ActiveCfg = Release|Win32
		{7C2ED66D-6816-4F99-BF1B-97271B8DFF13}.Release|x86.Build.0 = Release|Win32
		{3F681B23-4BFB-42D7-A576-4DA8BA29C131}.Debug|x64.ActiveCfg = Debug|x64
		{3F681B23-4BFB-42D7-A576-4DA8BA29C131}.Debug|x64.Build.0 = Debug|x64
		{3F681B23-4BFB-42D7-A576-4DA8BA29C131}.Debug|x86.ActiveCfg = Debug|Win32
		{3F681B23-4BFB-42D7-A576-4DA8BA29C131}.Debug|x86.Build.0 = Debug|Win32
		{3F681B23-4BFB-42D7-A576-4DA8BA29C131}.Release|x64.ActiveCfg = Release|x64
		{3F681B23-4BFB-42D7-A576-4DA8BA29C131}.Release|x64.Build.0 = Release|x64
		{3F681B23-4BFB-42D7-A576-4DA8BA29C131}.Release|x86.ActiveCfg = Release|Win32
		{3F681B23-4BFB-42D7-A576-4DA8BA29C131}.Release|x86.Build.0 = Release|Win32
		{DC940FAF-E65F-4D68-8CA9-E0C1A80B3A43}.Debug|x64.ActiveCfg = Debug|x64
		{DC940FAF-E65F-4D68-8CA9-E0C1A80B3A43}.Debug|x64.Build.0 = Debug|x64
		{DC940FAF-E65F-4D68-8CA9-E0C1A80B3A43}.Debug|x86.ActiveCfg = Debug|Win32
		{DC940FAF-E65F-4D68-8CA9-E0C1A80B3A43}.Debug|x86.Build.0 = Debug|Win32
		{DC940FAF-E65F-4D68-8CA9-E0C1A80B3A43}.Release|x64.ActiveCfg = Release|x64
		{DC940FAF-E65F-4D68-8CA9-E0C1A80B3A43}.Release|x64.Build.0 = Release|x64
		{DC940FAF-E65F-4D68-8CA9-E0C1A80B3A43}.Release|x86.ActiveCfg = Release|Win32
		{DC940FAF-E65F-4D68-8CA9-E0C1A80B3A43}.Release|x86.Build.0 = Release|Win32
		{703A695B-E365-4922-8230-A7EE9A473A5A}.Debug|x64.ActiveCfg = Debug|x64
		{703A695B-E365-4922-8230-A7EE9A473A5A}.Debug|x64.Build.0 = Debug|x64
		{703A695B-E365-4922-8230-A7EE9A473A5A}.Debug|x86.ActiveCfg = Debug|Win32
		{703A695B-E365-4922-8230-A7EE9A473A5A}.Debug|x86.Build.0 = Debug|Win32
		{703A695B-E365-4922-8230-A7EE9A473A5A}.Release|x64.ActiveCfg = Release|x64
		{703A695B-E365-4922-8230-A7EE9A473A5A}.Release|x64.Build.0 = Release|x64
		{703A695B-E365-4922-8230-A7EE9A473A5A}.Release|x86.ActiveCfg = Release|Win32
		{703A695B-E365-4922-8230-A7EE9A473A5A}.Release|x86.Build.0 = Release|Win32
		{113672CC-F440-4919-BE9D-E9EDD0DD1473}.Debug|x64.ActiveCfg = Debug|x64
		{113672CC-F440-4919-BE9D-E9EDD0DD1473}.Debug|x64.Build.0 = Debug|x64
		{113672CC-F440-4919-BE9D-E9EDD0DD1473}.Debug|x86.ActiveCfg = Debug|Win32
		{113672CC-F440-4919-BE9D-E9EDD0DD1473}.Debug|x86.Build.0 = Debug|Win32
		{113672CC-F440-4919-BE9D-E9EDD0DD1473}.Release|x64.ActiveCfg = Release|x64
		{113672CC-F440-4919-BE9D-E9EDD0DD1473}.Release|x64.Build.0 = Release|x64
		{113672CC-F440-4919-BE9D-E9EDD0DD1473}.Release|x86.ActiveCfg = Release|Win32
		{113672CC-F440-4919-BE9D-E9EDD0DD1473}.Release|x86.Build.0 = Release|Win32
		{318B15DD-E191-4CB2-9C03-BF3089BA6F00}.Debug|x64.ActiveCfg = Debug|x64
		{318B15DD-E191-4CB2-9C03-BF3089BA6F00}.Debug|x64.Build.0 = Debug|x64
		{318B15DD-E191-4CB2-9C03-BF3089BA6F00}.Debug|x86.ActiveCfg = Debug|Win32
		{318B15DD-E191-4CB2-9C03-BF3089BA6F00}.Debug|x86.Build.0 = Debug|Win32
		{318B15DD-E191-4CB2-9C03-BF3089BA6F00}.Release|x64.ActiveCfg = Release|x64
		{318B15DD-E191-4CB2-9C03-BF3089BA6F00}.Release|x64.Build.0 = Release|x64
		{318B15DD-E191-4CB2-9C03-BF3089BA6F00}.Release|x86.ActiveCfg = Release|Win32
		{318B15DD-E191-4CB2-9C03-BF3089BA6F00}.Release|x86.Build.0 = Release|Win32
		{735BFA30-EEB8-40DD-B59A-30D2990508D3}.Debug|x64.ActiveCfg = Debug|x64
		{735BFA30-EEB8-40DD-B59A-30D2990508D3}.Debug|x64.Build.0 = Debug|x64
		{735BFA30-EEB8-40DD-B59A-30D2990508D3}.Debug|x86.ActiveCfg = Debug|Win32
		{735BFA30-EEB8-40DD-B59A-30D2990508D3}.Debug|x86.Build.0 = Debug|Win32
		{735BFA30-EEB8-40DD-B59A-30D2990508D3}.Release|x64.ActiveCfg = Release|x64
		{735BFA30-EEB8-40DD-B59A-30D2990508D3}.Release|x64.Build.0 = Release|x64
		{735BFA30-EEB8-40DD-B59A-30D2990508D3}.Release|x86.ActiveCfg = Release|Win32
		{735BFA30-EEB8-40DD-B59A-30D2990508D3}.Release|x86.Build.0 = Release|Win32
	EndGlobalSection
	GlobalSection(SolutionProperties) = preSolution
		HideSolutionNode = FALSE
	EndGlobalSection
	GlobalSection(ExtensibilityGlobals) = postSolution
		SolutionGuid = {2AF7C6BB-4A2C-4755-836F-16030ED9667B}
	EndGlobalSection
EndGlobal
