
Microsoft Visual Studio Solution File, Format Version 12.00
# Visual Studio Version 17
VisualStudioVersion = 17.3.32901.215
MinimumVisualStudioVersion = 10.0.40219.1
Project("{8BC9CEB8-8B4A-11D0-8D11-00A0C91BC942}") = "OS11_HTAPI", "OS11_HTAPI\OS11_HTAPI.vcxproj", "{AF2CC2DA-DF8A-4693-8A5A-D7029FF40DAE}"
EndProject
Project("{8BC9CEB8-8B4A-11D0-8D11-00A0C91BC942}") = "OS11_CREATE", "OS11_CREATE\OS11_CREATE.vcxproj", "{FFC53C7A-C73C-48C1-BF01-4015AFBA23B0}"
EndProject
Project("{8BC9CEB8-8B4A-11D0-8D11-00A0C91BC942}") = "OS11_START", "OS11_START\OS11_START.vcxproj", "{F4C176D6-AC6F-4F2D-869E-E15CAB080E7D}"
EndProject
Project("{8BC9CEB8-8B4A-11D0-8D11-00A0C91BC942}") = "OS11_02", "OS11_02\OS11_02.vcxproj", "{E09B281B-EE10-4DED-9313-429C34821167}"
EndProject
Project("{8BC9CEB8-8B4A-11D0-8D11-00A0C91BC942}") = "OS11_03", "OS11_03\OS11_03.vcxproj", "{4B938A4D-C8FE-410E-867A-DE7BD1A449BD}"
EndProject
Project("{8BC9CEB8-8B4A-11D0-8D11-00A0C91BC942}") = "OS11_04", "OS11_04\OS11_04.vcxproj", "{DE23C031-48F8-452C-812B-6C240B5EA1CA}"
EndProject
Global
	GlobalSection(SolutionConfigurationPlatforms) = preSolution
		Debug|x64 = Debug|x64
		Debug|x86 = Debug|x86
		Release|x64 = Release|x64
		Release|x86 = Release|x86
	EndGlobalSection
	GlobalSection(ProjectConfigurationPlatforms) = postSolution
		{AF2CC2DA-DF8A-4693-8A5A-D7029FF40DAE}.Debug|x64.ActiveCfg = Debug|x64
		{AF2CC2DA-DF8A-4693-8A5A-D7029FF40DAE}.Debug|x64.Build.0 = Debug|x64
		{AF2CC2DA-DF8A-4693-8A5A-D7029FF40DAE}.Debug|x86.ActiveCfg = Debug|Win32
		{AF2CC2DA-DF8A-4693-8A5A-D7029FF40DAE}.Debug|x86.Build.0 = Debug|Win32
		{AF2CC2DA-DF8A-4693-8A5A-D7029FF40DAE}.Release|x64.ActiveCfg = Release|x64
		{AF2CC2DA-DF8A-4693-8A5A-D7029FF40DAE}.Release|x64.Build.0 = Release|x64
		{AF2CC2DA-DF8A-4693-8A5A-D7029FF40DAE}.Release|x86.ActiveCfg = Release|Win32
		{AF2CC2DA-DF8A-4693-8A5A-D7029FF40DAE}.Release|x86.Build.0 = Release|Win32
		{FFC53C7A-C73C-48C1-BF01-4015AFBA23B0}.Debug|x64.ActiveCfg = Debug|x64
		{FFC53C7A-C73C-48C1-BF01-4015AFBA23B0}.Debug|x64.Build.0 = Debug|x64
		{FFC53C7A-C73C-48C1-BF01-4015AFBA23B0}.Debug|x86.ActiveCfg = Debug|Win32
		{FFC53C7A-C73C-48C1-BF01-4015AFBA23B0}.Debug|x86.Build.0 = Debug|Win32
		{FFC53C7A-C73C-48C1-BF01-4015AFBA23B0}.Release|x64.ActiveCfg = Release|x64
		{FFC53C7A-C73C-48C1-BF01-4015AFBA23B0}.Release|x64.Build.0 = Release|x64
		{FFC53C7A-C73C-48C1-BF01-4015AFBA23B0}.Release|x86.ActiveCfg = Release|Win32
		{FFC53C7A-C73C-48C1-BF01-4015AFBA23B0}.Release|x86.Build.0 = Release|Win32
		{F4C176D6-AC6F-4F2D-869E-E15CAB080E7D}.Debug|x64.ActiveCfg = Debug|x64
		{F4C176D6-AC6F-4F2D-869E-E15CAB080E7D}.Debug|x64.Build.0 = Debug|x64
		{F4C176D6-AC6F-4F2D-869E-E15CAB080E7D}.Debug|x86.ActiveCfg = Debug|Win32
		{F4C176D6-AC6F-4F2D-869E-E15CAB080E7D}.Debug|x86.Build.0 = Debug|Win32
		{F4C176D6-AC6F-4F2D-869E-E15CAB080E7D}.Release|x64.ActiveCfg = Release|x64
		{F4C176D6-AC6F-4F2D-869E-E15CAB080E7D}.Release|x64.Build.0 = Release|x64
		{F4C176D6-AC6F-4F2D-869E-E15CAB080E7D}.Release|x86.ActiveCfg = Release|Win32
		{F4C176D6-AC6F-4F2D-869E-E15CAB080E7D}.Release|x86.Build.0 = Release|Win32
		{E09B281B-EE10-4DED-9313-429C34821167}.Debug|x64.ActiveCfg = Debug|x64
		{E09B281B-EE10-4DED-9313-429C34821167}.Debug|x64.Build.0 = Debug|x64
		{E09B281B-EE10-4DED-9313-429C34821167}.Debug|x86.ActiveCfg = Debug|Win32
		{E09B281B-EE10-4DED-9313-429C34821167}.Debug|x86.Build.0 = Debug|Win32
		{E09B281B-EE10-4DED-9313-429C34821167}.Release|x64.ActiveCfg = Release|x64
		{E09B281B-EE10-4DED-9313-429C34821167}.Release|x64.Build.0 = Release|x64
		{E09B281B-EE10-4DED-9313-429C34821167}.Release|x86.ActiveCfg = Release|Win32
		{E09B281B-EE10-4DED-9313-429C34821167}.Release|x86.Build.0 = Release|Win32
		{4B938A4D-C8FE-410E-867A-DE7BD1A449BD}.Debug|x64.ActiveCfg = Debug|x64
		{4B938A4D-C8FE-410E-867A-DE7BD1A449BD}.Debug|x64.Build.0 = Debug|x64
		{4B938A4D-C8FE-410E-867A-DE7BD1A449BD}.Debug|x86.ActiveCfg = Debug|Win32
		{4B938A4D-C8FE-410E-867A-DE7BD1A449BD}.Debug|x86.Build.0 = Debug|Win32
		{4B938A4D-C8FE-410E-867A-DE7BD1A449BD}.Release|x64.ActiveCfg = Release|x64
		{4B938A4D-C8FE-410E-867A-DE7BD1A449BD}.Release|x64.Build.0 = Release|x64
		{4B938A4D-C8FE-410E-867A-DE7BD1A449BD}.Release|x86.ActiveCfg = Release|Win32
		{4B938A4D-C8FE-410E-867A-DE7BD1A449BD}.Release|x86.Build.0 = Release|Win32
		{DE23C031-48F8-452C-812B-6C240B5EA1CA}.Debug|x64.ActiveCfg = Debug|x64
		{DE23C031-48F8-452C-812B-6C240B5EA1CA}.Debug|x64.Build.0 = Debug|x64
		{DE23C031-48F8-452C-812B-6C240B5EA1CA}.Debug|x86.ActiveCfg = Debug|Win32
		{DE23C031-48F8-452C-812B-6C240B5EA1CA}.Debug|x86.Build.0 = Debug|Win32
		{DE23C031-48F8-452C-812B-6C240B5EA1CA}.Release|x64.ActiveCfg = Release|x64
		{DE23C031-48F8-452C-812B-6C240B5EA1CA}.Release|x64.Build.0 = Release|x64
		{DE23C031-48F8-452C-812B-6C240B5EA1CA}.Release|x86.ActiveCfg = Release|Win32
		{DE23C031-48F8-452C-812B-6C240B5EA1CA}.Release|x86.Build.0 = Release|Win32
	EndGlobalSection
	GlobalSection(SolutionProperties) = preSolution
		HideSolutionNode = FALSE
	EndGlobalSection
	GlobalSection(ExtensibilityGlobals) = postSolution
		SolutionGuid = {292DFC5D-A25F-4F69-B64B-A9453135FC78}
	EndGlobalSection
EndGlobal
